
Microsoft Visual Studio Solution File, Format Version 12.00
# Visual Studio Version 17
VisualStudioVersion = 17.11.35327.3
MinimumVisualStudioVersion = 10.0.40219.1
Project("{FAE04EC0-301F-11D3-BF4B-00C04F79EFBC}") = "prySalvarezzaConexionBDD", "prySalvarezzaConexionBDD\prySalvarezzaConexionBDD.csproj", "{15E742FD-3ED5-42FF-B04B-B7E543A693AC}"
EndProject
Global
	GlobalSection(SolutionConfigurationPlatforms) = preSolution
		Debug|Any CPU = Debug|Any CPU
		Release|Any CPU = Release|Any CPU
	EndGlobalSection
	GlobalSection(ProjectConfigurationPlatforms) = postSolution
		{15E742FD-3ED5-42FF-B04B-B7E543A693AC}.Debug|Any CPU.ActiveCfg = Debug|Any CPU
		{15E742FD-3ED5-42FF-B04B-B7E543A693AC}.Debug|Any CPU.Build.0 = Debug|Any CPU
		{15E742FD-3ED5-42FF-B04B-B7E543A693AC}.Release|Any CPU.ActiveCfg = Release|Any CPU
		{15E742FD-3ED5-42FF-B04B-B7E543A693AC}.Release|Any CPU.Build.0 = Release|Any CPU
	EndGlobalSection
	GlobalSection(SolutionProperties) = preSolution
		HideSolutionNode = FALSE
	EndGlobalSection
	GlobalSection(ExtensibilityGlobals) = postSolution
		SolutionGuid = {ED9C9748-12AA-499E-987C-B8573E9DFA77}
	EndGlobalSection
EndGlobal
